// !$*UTF8*$!
{
	archiveVersion = 1;
	classes = {
	};
	objectVersion = 42;
	objects = {

/* Begin PBXGroup section */
		4918826713B04730005CE9F1 = {
			isa = PBXGroup;
			children = (
			);
			sourceTree = "<group>";
		};
/* End PBXGroup section */

/* Begin PBXProject section */
		4918826913B04730005CE9F1 /* Project object */ = {
			isa = PBXProject;
			buildConfigurationList = 4918826C13B04730005CE9F1 /* Build configuration list for PBXProject "java" */;
			compatibilityVersion = "Xcode 2.4";
			developmentRegion = English;
			hasScannedForEncodings = 0;
			knownRegions = (
				English,
				Japanese,
				French,
				German,
			);
			mainGroup = 4918826713B04730005CE9F1;
			projectDirPath = "";
			projectRoot = "";
			targets = (
			);
		};
/* End PBXProject section */

/* Begin XCBuildConfiguration section */
		4918826A13B04730005CE9F1 /* Debug */ = {
			isa = XCBuildConfiguration;
			buildSettings = {
				COPY_PHASE_STRIP = NO;
			};
			name = Debug;
		};
		4918826B13B04730005CE9F1 /* Release */ = {
			isa = XCBuildConfiguration;
			buildSettings = {
				COPY_PHASE_STRIP = YES;
			};
			name = Release;
		};
/* End XCBuildConfiguration section */

/* Begin XCConfigurationList section */
		4918826C13B04730005CE9F1 /* Build configuration list for PBXProject "java" */ = {
			isa = XCConfigurationList;
			buildConfigurations = (
				4918826A13B04730005CE9F1 /* Debug */,
				4918826B13B04730005CE9F1 /* Release */,
			);
			defaultConfigurationIsVisible = 0;
			defaultConfigurationName = Release;
		};
/* End XCConfigurationList section */
	};
	rootObject = 4918826913B04730005CE9F1 /* Project object */;
}
